{
  "name": "wallpaper-switcher",
  "version": "1.0.0",
  "lockfileVersion": 1,
  "requires": true,
  "dependencies": {
    "sunrise-sunset-js": {
      "version": "2.1.2",
      "resolved": "https://registry.npmjs.org/sunrise-sunset-js/-/sunrise-sunset-js-2.1.2.tgz",
      "integrity": "sha512-uBPa8O+yzum8H9eipethaVszSKP0cWiyTU/KoSfikkqaCggDRJJ6YT8gLwExVFhVSj+bO070H9JZjCxLPqw0aA=="
    },
    "wallpaper": {
      "version": "4.4.1",
      "resolved": "https://registry.npmjs.org/wallpaper/-/wallpaper-4.4.1.tgz",
      "integrity": "sha512-eHB4VgIwGmL0NAfghxKO4UY0YZbJyvyC3HKE6LOWtjvlMiT8/ywgVOWXd2+4E7pGPWrRY92scTw+e6bgoq66zQ=="
    }
  }
}
